# This file is automatically @generated by Cargo.
# It is not intended for manual editing.
version = 3

[[package]]
name = "emulator"
version = "0.1.0"
dependencies = [
 "emulator-macros",
]

[[package]]
name = "emulator-macros"
version = "0.1.0"

[[package]]
name = "emulator-testing"
version = "0.1.0"
dependencies = [
 "emulator",
]
